
Microsoft Visual Studio Solution File, Format Version 12.00
# Visual Studio Version 17
VisualStudioVersion = 17.4.33122.133
MinimumVisualStudioVersion = 10.0.40219.1
Project("{9A19103F-16F7-4668-BE54-9A1E7A4F7556}") = "RemoteDesktop", "RemoteDesktop.csproj", "{A2A757F8-6404-4A56-9EE0-5C2307B05A37}"
EndProject
Global
	GlobalSection(SolutionConfigurationPlatforms) = preSolution
		Debug|Any CPU = Debug|Any CPU
		Release|Any CPU = Release|Any CPU
	EndGlobalSection
	GlobalSection(ProjectConfigurationPlatforms) = postSolution
		{A2A757F8-6404-4A56-9EE0-5C2307B05A37}.Debug|Any CPU.ActiveCfg = Debug|Any CPU
		{A2A757F8-6404-4A56-9EE0-5C2307B05A37}.Debug|Any CPU.Build.0 = Debug|Any CPU
		{A2A757F8-6404-4A56-9EE0-5C2307B05A37}.Release|Any CPU.ActiveCfg = Release|Any CPU
		{A2A757F8-6404-4A56-9EE0-5C2307B05A37}.Release|Any CPU.Build.0 = Release|Any CPU
	EndGlobalSection
	GlobalSection(SolutionProperties) = preSolution
		HideSolutionNode = FALSE
	EndGlobalSection
	GlobalSection(ExtensibilityGlobals) = postSolution
		SolutionGuid = {AA403E23-68CA-4CC6-A74C-68367C2D6348}
	EndGlobalSection
EndGlobal
